<?xml version="1.0" encoding="utf-8"?>
<Project ToolsVersion="4.0" xmlns="http://schemas.microsoft.com/developer/msbuild/2003">
  <ItemGroup>
    <ClCompile Include="Main.cpp" />
    <ClCompile Include="ChessPawn.cpp">
      <Filter>ChessPawn</Filter>
    </ClCompile>
  </ItemGroup>
  <ItemGroup>
    <Filter Include="ChessPawn">
      <UniqueIdentifier>{39696180-281e-4dc7-8a29-7c9d716269fa}</UniqueIdentifier>
    </Filter>
  </ItemGroup>
  <ItemGroup>
    <ClInclude Include="ChessPawn.h">
      <Filter>ChessPawn</Filter>
    </ClInclude>
    <ClInclude Include="NetworkHeader.h" />
  </ItemGroup>
</Project>