<?xml version="1.0" encoding="utf-8"?>
<Project ToolsVersion="4.0" xmlns="http://schemas.microsoft.com/developer/msbuild/2003">
  <ItemGroup>
    <Filter Include="GameApp">
      <UniqueIdentifier>{1a135d39-d9f2-45d1-a8dd-2c6c9675465a}</UniqueIdentifier>
    </Filter>
    <Filter Include="D2DRenderer">
      <UniqueIdentifier>{f21c33e9-1660-4d07-9fc8-e656462a56f6}</UniqueIdentifier>
    </Filter>
    <Filter Include="Timer">
      <UniqueIdentifier>{90c88acd-c13b-4633-b181-4e5a49c9b110}</UniqueIdentifier>
    </Filter>
    <Filter Include="Main">
      <UniqueIdentifier>{c741ffd3-6294-40de-9c79-59e23b5008c2}</UniqueIdentifier>
    </Filter>
    <Filter Include="NetworkClient">
      <UniqueIdentifier>{8765f20f-6eb5-4150-be94-5d2e2d7c5703}</UniqueIdentifier>
    </Filter>
  </ItemGroup>
  <ItemGroup>
    <ClCompile Include="GameApp.cpp">
      <Filter>GameApp</Filter>
    </ClCompile>
    <ClCompile Include="D2DRenderer.cpp">
      <Filter>D2DRenderer</Filter>
    </ClCompile>
    <ClCompile Include="GameTimer.cpp">
      <Filter>Timer</Filter>
    </ClCompile>
    <ClCompile Include="main.cpp">
      <Filter>Main</Filter>
    </ClCompile>
    <ClCompile Include="NetworkClient.cpp">
      <Filter>NetworkClient</Filter>
    </ClCompile>
  </ItemGroup>
  <ItemGroup>
    <ClInclude Include="GameApp.h">
      <Filter>GameApp</Filter>
    </ClInclude>
    <ClInclude Include="D2DRenderer.h">
      <Filter>D2DRenderer</Filter>
    </ClInclude>
    <ClInclude Include="GameTimer.h">
      <Filter>Timer</Filter>
    </ClInclude>
    <ClInclude Include="NetworkClient.h">
      <Filter>NetworkClient</Filter>
    </ClInclude>
  </ItemGroup>
</Project>